
Microsoft Visual Studio Solution File, Format Version 12.00
# Visual Studio Version 17
VisualStudioVersion = 17.4.33213.308
MinimumVisualStudioVersion = 10.0.40219.1
Project("{2150E333-8FDC-42A3-9474-1A3956D46DE8}") = "APIServices", "APIServices", "{F5EA3C69-BD3C-481E-92AC-F5558A391A71}"
EndProject
Project("{2150E333-8FDC-42A3-9474-1A3956D46DE8}") = "CoreComponent", "CoreComponent", "{82364171-8A84-4F82-94A1-0807037DD45B}"
EndProject
Project("{9A19103F-16F7-4668-BE54-9A1E7A4F7556}") = "SPS.Data", "SPS.Data\SPS.Data.csproj", "{6A61F020-3311-4D7A-8641-F51DDB84722F}"
EndProject
Project("{9A19103F-16F7-4668-BE54-9A1E7A4F7556}") = "SPS.Repository", "SPS.Repository\SPS.Repository.csproj", "{8C496B64-231A-442E-BAD5-F01E5CCB3934}"
EndProject
Project("{9A19103F-16F7-4668-BE54-9A1E7A4F7556}") = "SPS.Services", "SPS.Services\SPS.Services.csproj", "{A63E6BF3-5E0D-475D-A981-193C8E97F1CA}"
EndProject
Project("{9A19103F-16F7-4668-BE54-9A1E7A4F7556}") = "SPS.Helper", "SPS.Helper\SPS.Helper.csproj", "{1D92583E-4511-42FE-97BC-EAF30774EEDF}"
EndProject
Project("{2150E333-8FDC-42A3-9474-1A3956D46DE8}") = "Internal", "Internal", "{56D3B361-6459-4B31-98C9-32EF26B20094}"
EndProject
Project("{2150E333-8FDC-42A3-9474-1A3956D46DE8}") = "External", "External", "{91727E41-5162-498D-A5F4-F885FA7E8D99}"
EndProject
Project("{9A19103F-16F7-4668-BE54-9A1E7A4F7556}") = "SPS.API", "SPS.API\SPS.API.csproj", "{3F17E711-EA21-46D1-AF19-0768C105599F}"
EndProject
Global
	GlobalSection(SolutionConfigurationPlatforms) = preSolution
		Debug|Any CPU = Debug|Any CPU
		Release|Any CPU = Release|Any CPU
	EndGlobalSection
	GlobalSection(ProjectConfigurationPlatforms) = postSolution
		{6A61F020-3311-4D7A-8641-F51DDB84722F}.Debug|Any CPU.ActiveCfg = Debug|Any CPU
		{6A61F020-3311-4D7A-8641-F51DDB84722F}.Debug|Any CPU.Build.0 = Debug|Any CPU
		{6A61F020-3311-4D7A-8641-F51DDB84722F}.Release|Any CPU.ActiveCfg = Release|Any CPU
		{6A61F020-3311-4D7A-8641-F51DDB84722F}.Release|Any CPU.Build.0 = Release|Any CPU
		{8C496B64-231A-442E-BAD5-F01E5CCB3934}.Debug|Any CPU.ActiveCfg = Debug|Any CPU
		{8C496B64-231A-442E-BAD5-F01E5CCB3934}.Debug|Any CPU.Build.0 = Debug|Any CPU
		{8C496B64-231A-442E-BAD5-F01E5CCB3934}.Release|Any CPU.ActiveCfg = Release|Any CPU
		{8C496B64-231A-442E-BAD5-F01E5CCB3934}.Release|Any CPU.Build.0 = Release|Any CPU
		{A63E6BF3-5E0D-475D-A981-193C8E97F1CA}.Debug|Any CPU.ActiveCfg = Debug|Any CPU
		{A63E6BF3-5E0D-475D-A981-193C8E97F1CA}.Debug|Any CPU.Build.0 = Debug|Any CPU
		{A63E6BF3-5E0D-475D-A981-193C8E97F1CA}.Release|Any CPU.ActiveCfg = Release|Any CPU
		{A63E6BF3-5E0D-475D-A981-193C8E97F1CA}.Release|Any CPU.Build.0 = Release|Any CPU
		{1D92583E-4511-42FE-97BC-EAF30774EEDF}.Debug|Any CPU.ActiveCfg = Debug|Any CPU
		{1D92583E-4511-42FE-97BC-EAF30774EEDF}.Debug|Any CPU.Build.0 = Debug|Any CPU
		{1D92583E-4511-42FE-97BC-EAF30774EEDF}.Release|Any CPU.ActiveCfg = Release|Any CPU
		{1D92583E-4511-42FE-97BC-EAF30774EEDF}.Release|Any CPU.Build.0 = Release|Any CPU
		{3F17E711-EA21-46D1-AF19-0768C105599F}.Debug|Any CPU.ActiveCfg = Debug|Any CPU
		{3F17E711-EA21-46D1-AF19-0768C105599F}.Debug|Any CPU.Build.0 = Debug|Any CPU
		{3F17E711-EA21-46D1-AF19-0768C105599F}.Release|Any CPU.ActiveCfg = Release|Any CPU
		{3F17E711-EA21-46D1-AF19-0768C105599F}.Release|Any CPU.Build.0 = Release|Any CPU
	EndGlobalSection
	GlobalSection(SolutionProperties) = preSolution
		HideSolutionNode = FALSE
	EndGlobalSection
	GlobalSection(NestedProjects) = preSolution
		{6A61F020-3311-4D7A-8641-F51DDB84722F} = {82364171-8A84-4F82-94A1-0807037DD45B}
		{8C496B64-231A-442E-BAD5-F01E5CCB3934} = {82364171-8A84-4F82-94A1-0807037DD45B}
		{A63E6BF3-5E0D-475D-A981-193C8E97F1CA} = {82364171-8A84-4F82-94A1-0807037DD45B}
		{1D92583E-4511-42FE-97BC-EAF30774EEDF} = {82364171-8A84-4F82-94A1-0807037DD45B}
		{56D3B361-6459-4B31-98C9-32EF26B20094} = {F5EA3C69-BD3C-481E-92AC-F5558A391A71}
		{91727E41-5162-498D-A5F4-F885FA7E8D99} = {F5EA3C69-BD3C-481E-92AC-F5558A391A71}
		{3F17E711-EA21-46D1-AF19-0768C105599F} = {56D3B361-6459-4B31-98C9-32EF26B20094}
	EndGlobalSection
	GlobalSection(ExtensibilityGlobals) = postSolution
		SolutionGuid = {2FF933BE-98C6-4FFD-9B12-1776F85CFE20}
	EndGlobalSection
EndGlobal
